# DO NOT EDIT MANUALLY - Managed by Fern Replay
version: "1.0"
generations:
  - commit_sha: 5566d34adedb1ff2d8d9add4889da2996ecdb244
    tree_hash: 891973ffaaeb5dcd905ec62f2fac75f155859e53
    timestamp: 2026-05-19T21:17:19.070Z
    cli_version: unknown
    generator_versions: {}
  - commit_sha: 97af10cb2ecabb59842b013e392e5cb4ca46ffef
    tree_hash: 9ce6a416fb1967d7859303f43d82c0639a9f04f8
    timestamp: 2026-07-14T16:57:57.559Z
    cli_version: unknown
    generator_versions:
      fernapi/fern-typescript-sdk: 3.73.4
  - commit_sha: 6729e01b81208926a1db65bd2ac68d8d76c0eed9
    tree_hash: a81bf3ede96afa0950f6672989ddd2228a9e232f
    timestamp: 2026-08-18T17:46:42.351Z
    cli_version: unknown
    generator_versions:
      fernapi/fern-typescript-sdk: 3.73.4
current_generation: 6729e01b81208926a1db65bd2ac68d8d76c0eed9
patches: []
