# DO NOT EDIT MANUALLY - Managed by Fern Replay
version: "1.0"
generations:
  - commit_sha: 5566d34adedb1ff2d8d9add4889da2996ecdb244
    tree_hash: 891973ffaaeb5dcd905ec62f2fac75f155859e53
    timestamp: 2026-05-19T21:17:19.070Z
    cli_version: unknown
    generator_versions: {}
current_generation: 5566d34adedb1ff2d8d9add4889da2996ecdb244
patches: []
